
Microsoft Visual Studio Solution File, Format Version 12.00
# Visual Studio Version 16
VisualStudioVersion = 16.0.30907.101
MinimumVisualStudioVersion = 10.0.40219.1
Project("{FAE04EC0-301F-11D3-BF4B-00C04F79EFBC}") = "SITConnect", "SITConnect\SITConnect.csproj", "{575B713E-E404-4E1B-A096-58C5AE0736BF}"
EndProject
Global
	GlobalSection(SolutionConfigurationPlatforms) = preSolution
		Debug|Any CPU = Debug|Any CPU
		Release|Any CPU = Release|Any CPU
	EndGlobalSection
	GlobalSection(ProjectConfigurationPlatforms) = postSolution
		{575B713E-E404-4E1B-A096-58C5AE0736BF}.Debug|Any CPU.ActiveCfg = Debug|Any CPU
		{575B713E-E404-4E1B-A096-58C5AE0736BF}.Debug|Any CPU.Build.0 = Debug|Any CPU
		{575B713E-E404-4E1B-A096-58C5AE0736BF}.Release|Any CPU.ActiveCfg = Release|Any CPU
		{575B713E-E404-4E1B-A096-58C5AE0736BF}.Release|Any CPU.Build.0 = Release|Any CPU
	EndGlobalSection
	GlobalSection(SolutionProperties) = preSolution
		HideSolutionNode = FALSE
	EndGlobalSection
	GlobalSection(ExtensibilityGlobals) = postSolution
		SolutionGuid = {F38CBE2C-6635-4227-98F4-B59AF1053315}
	EndGlobalSection
EndGlobal
